
Microsoft Visual Studio Solution File, Format Version 12.00
# Visual Studio Version 16
VisualStudioVersion = 16.0.30717.126
MinimumVisualStudioVersion = 10.0.40219.1
Project("{8BC9CEB8-8B4A-11D0-8D11-00A0C91BC942}") = "Lesson05", "Lesson05\Lesson05.vcxproj", "{8D03B1B2-04A7-4EA0-8328-F54D21D27B44}"
EndProject
Project("{8BC9CEB8-8B4A-11D0-8D11-00A0C91BC942}") = "Lesson06", "Lesson06\Lesson06.vcxproj", "{215C999B-2599-4C69-8171-3905537E42AC}"
EndProject
Project("{8BC9CEB8-8B4A-11D0-8D11-00A0C91BC942}") = "Lesson01", "..\Lesson01\Lesson01\Lesson01.vcxproj", "{A0E44201-55B3-4A40-8E15-E72DFC9EB2DF}"
EndProject
Project("{8BC9CEB8-8B4A-11D0-8D11-00A0C91BC942}") = "Lesson02", "..\Lesson2\Lesson2\Lesson2.vcxproj", "{D13011E9-0092-4FC4-B395-CD7071300B75}"
EndProject
Project("{8BC9CEB8-8B4A-11D0-8D11-00A0C91BC942}") = "Lesson03", "..\Lesson03\Lesson03\Lesson03.vcxproj", "{3DC4C84F-5053-4E9C-A98E-3F3E40E824AA}"
EndProject
Project("{8BC9CEB8-8B4A-11D0-8D11-00A0C91BC942}") = "Lesson04", "..\Lesson04\Lesson04\Lesson04.vcxproj", "{E5A792DA-53CF-48C1-8566-1CA600AD429F}"
EndProject
Project("{8BC9CEB8-8B4A-11D0-8D11-00A0C91BC942}") = "Lesson07", "Lesson07\Lesson07.vcxproj", "{653D213C-2213-42A3-9AD0-CF82FCA3673B}"
EndProject
Project("{8BC9CEB8-8B4A-11D0-8D11-00A0C91BC942}") = "Lesson08", "Lesson08\Lesson08.vcxproj", "{4B12A3D6-2E0B-488A-9628-DAAD971EFF9A}"
EndProject
Project("{8BC9CEB8-8B4A-11D0-8D11-00A0C91BC942}") = "Lesson09", "Lesson09\Lesson09.vcxproj", "{0EBCDA70-AC1D-4C95-BFBE-64153507BB09}"
EndProject
Project("{8BC9CEB8-8B4A-11D0-8D11-00A0C91BC942}") = "VectorTest", "VectorTest\VectorTest.vcxproj", "{77B58118-6882-4820-A7D6-FB0575ADF621}"
EndProject
Project("{8BC9CEB8-8B4A-11D0-8D11-00A0C91BC942}") = "Lesson10", "Lesson10\Lesson10.vcxproj", "{DB131E63-FC42-48D6-BC72-46FD6803BC5D}"
EndProject
Project("{8BC9CEB8-8B4A-11D0-8D11-00A0C91BC942}") = "ListOneDirection", "List\List.vcxproj", "{C5C3B86A-B809-4A2B-BE4B-DEF530C1950F}"
EndProject
Project("{8BC9CEB8-8B4A-11D0-8D11-00A0C91BC942}") = "Stack", "Stack\Stack.vcxproj", "{929D09F9-80E8-4597-BCD9-FED0CB571400}"
EndProject
Project("{8BC9CEB8-8B4A-11D0-8D11-00A0C91BC942}") = "ListTwoDirections", "ListTwoDirections\ListTwoDirections.vcxproj", "{86AA8180-F431-41A4-AB01-13F3C33C739D}"
EndProject
Project("{8BC9CEB8-8B4A-11D0-8D11-00A0C91BC942}") = "Test", "Test\Test.vcxproj", "{EC12F5BE-BEC3-488A-9291-E866F9344399}"
EndProject
Project("{8BC9CEB8-8B4A-11D0-8D11-00A0C91BC942}") = "Queue", "Queue\Queue.vcxproj", "{69589588-0B7E-4EB0-B377-A85CCDB1EA15}"
EndProject
Project("{8BC9CEB8-8B4A-11D0-8D11-00A0C91BC942}") = "HashTable", "HashTable\HashTable.vcxproj", "{6D393E1F-61BC-4FBB-B735-DBB786D64942}"
EndProject
Project("{8BC9CEB8-8B4A-11D0-8D11-00A0C91BC942}") = "Lesson11", "Lesson11\Lesson11.vcxproj", "{BF40EC9F-C938-47E8-9FE1-8B3B34D49587}"
EndProject
Project("{8BC9CEB8-8B4A-11D0-8D11-00A0C91BC942}") = "Lesson12", "Lesson12\Lesson12.vcxproj", "{B32A3602-205B-4E21-8A0B-0E95755FE1E9}"
EndProject
Project("{8BC9CEB8-8B4A-11D0-8D11-00A0C91BC942}") = "example", "example\example.vcxproj", "{FD953AE1-7FE5-4C22-BF2E-3BD5C1A4421A}"
EndProject
Project("{8BC9CEB8-8B4A-11D0-8D11-00A0C91BC942}") = "Lesson13", "Lesson13\Lesson13.vcxproj", "{5206E510-7EBC-4CDC-B28A-B5AFE3825005}"
EndProject
Project("{8BC9CEB8-8B4A-11D0-8D11-00A0C91BC942}") = "Lesson14", "Lesson14\Lesson14.vcxproj", "{BBE16265-F0BB-4970-835D-A437AC527487}"
EndProject
Project("{8BC9CEB8-8B4A-11D0-8D11-00A0C91BC942}") = "Lesson15", "Lesson15\Lesson15.vcxproj", "{89850871-F311-4D5E-B095-361DDB468F33}"
EndProject
Project("{8BC9CEB8-8B4A-11D0-8D11-00A0C91BC942}") = "Lesson16", "Lesson16\Lesson16.vcxproj", "{66294776-E6CE-4B7C-9C59-FE50B50FA64B}"
EndProject
Project("{8BC9CEB8-8B4A-11D0-8D11-00A0C91BC942}") = "Lesson17", "Lesson17\Lesson17.vcxproj", "{CCC55DB7-363C-4071-AF4B-E09FA0D836A5}"
EndProject
Global
	GlobalSection(SolutionConfigurationPlatforms) = preSolution
		Debug|x64 = Debug|x64
		Debug|x86 = Debug|x86
		Release|x64 = Release|x64
		Release|x86 = Release|x86
	EndGlobalSection
	GlobalSection(ProjectConfigurationPlatforms) = postSolution
		{8D03B1B2-04A7-4EA0-8328-F54D21D27B44}.Debug|x64.ActiveCfg = Debug|x64
		{8D03B1B2-04A7-4EA0-8328-F54D21D27B44}.Debug|x64.Build.0 = Debug|x64
		{8D03B1B2-04A7-4EA0-8328-F54D21D27B44}.Debug|x86.ActiveCfg = Debug|Win32
		{8D03B1B2-04A7-4EA0-8328-F54D21D27B44}.Debug|x86.Build.0 = Debug|Win32
		{8D03B1B2-04A7-4EA0-8328-F54D21D27B44}.Release|x64.ActiveCfg = Release|x64
		{8D03B1B2-04A7-4EA0-8328-F54D21D27B44}.Release|x64.Build.0 = Release|x64
		{8D03B1B2-04A7-4EA0-8328-F54D21D27B44}.Release|x86.ActiveCfg = Release|Win32
		{8D03B1B2-04A7-4EA0-8328-F54D21D27B44}.Release|x86.Build.0 = Release|Win32
		{215C999B-2599-4C69-8171-3905537E42AC}.Debug|x64.ActiveCfg = Debug|x64
		{215C999B-2599-4C69-8171-3905537E42AC}.Debug|x64.Build.0 = Debug|x64
		{215C999B-2599-4C69-8171-3905537E42AC}.Debug|x86.ActiveCfg = Debug|Win32
		{215C999B-2599-4C69-8171-3905537E42AC}.Debug|x86.Build.0 = Debug|Win32
		{215C999B-2599-4C69-8171-3905537E42AC}.Release|x64.ActiveCfg = Release|x64
		{215C999B-2599-4C69-8171-3905537E42AC}.Release|x64.Build.0 = Release|x64
		{215C999B-2599-4C69-8171-3905537E42AC}.Release|x86.ActiveCfg = Release|Win32
		{215C999B-2599-4C69-8171-3905537E42AC}.Release|x86.Build.0 = Release|Win32
		{A0E44201-55B3-4A40-8E15-E72DFC9EB2DF}.Debug|x64.ActiveCfg = Debug|x64
		{A0E44201-55B3-4A40-8E15-E72DFC9EB2DF}.Debug|x64.Build.0 = Debug|x64
		{A0E44201-55B3-4A40-8E15-E72DFC9EB2DF}.Debug|x86.ActiveCfg = Debug|Win32
		{A0E44201-55B3-4A40-8E15-E72DFC9EB2DF}.Debug|x86.Build.0 = Debug|Win32
		{A0E44201-55B3-4A40-8E15-E72DFC9EB2DF}.Release|x64.ActiveCfg = Release|x64
		{A0E44201-55B3-4A40-8E15-E72DFC9EB2DF}.Release|x64.Build.0 = Release|x64
		{A0E44201-55B3-4A40-8E15-E72DFC9EB2DF}.Release|x86.ActiveCfg = Release|Win32
		{A0E44201-55B3-4A40-8E15-E72DFC9EB2DF}.Release|x86.Build.0 = Release|Win32
		{D13011E9-0092-4FC4-B395-CD7071300B75}.Debug|x64.ActiveCfg = Debug|x64
		{D13011E9-0092-4FC4-B395-CD7071300B75}.Debug|x64.Build.0 = Debug|x64
		{D13011E9-0092-4FC4-B395-CD7071300B75}.Debug|x86.ActiveCfg = Debug|Win32
		{D13011E9-0092-4FC4-B395-CD7071300B75}.Debug|x86.Build.0 = Debug|Win32
		{D13011E9-0092-4FC4-B395-CD7071300B75}.Release|x64.ActiveCfg = Release|x64
		{D13011E9-0092-4FC4-B395-CD7071300B75}.Release|x64.Build.0 = Release|x64
		{D13011E9-0092-4FC4-B395-CD7071300B75}.Release|x86.ActiveCfg = Release|Win32
		{D13011E9-0092-4FC4-B395-CD7071300B75}.Release|x86.Build.0 = Release|Win32
		{3DC4C84F-5053-4E9C-A98E-3F3E40E824AA}.Debug|x64.ActiveCfg = Debug|x64
		{3DC4C84F-5053-4E9C-A98E-3F3E40E824AA}.Debug|x64.Build.0 = Debug|x64
		{3DC4C84F-5053-4E9C-A98E-3F3E40E824AA}.Debug|x86.ActiveCfg = Debug|Win32
		{3DC4C84F-5053-4E9C-A98E-3F3E40E824AA}.Debug|x86.Build.0 = Debug|Win32
		{3DC4C84F-5053-4E9C-A98E-3F3E40E824AA}.Release|x64.ActiveCfg = Release|x64
		{3DC4C84F-5053-4E9C-A98E-3F3E40E824AA}.Release|x64.Build.0 = Release|x64
		{3DC4C84F-5053-4E9C-A98E-3F3E40E824AA}.Release|x86.ActiveCfg = Release|Win32
		{3DC4C84F-5053-4E9C-A98E-3F3E40E824AA}.Release|x86.Build.0 = Release|Win32
		{E5A792DA-53CF-48C1-8566-1CA600AD429F}.Debug|x64.ActiveCfg = Debug|x64
		{E5A792DA-53CF-48C1-8566-1CA600AD429F}.Debug|x64.Build.0 = Debug|x64
		{E5A792DA-53CF-48C1-8566-1CA600AD429F}.Debug|x86.ActiveCfg = Debug|Win32
		{E5A792DA-53CF-48C1-8566-1CA600AD429F}.Debug|x86.Build.0 = Debug|Win32
		{E5A792DA-53CF-48C1-8566-1CA600AD429F}.Release|x64.ActiveCfg = Release|x64
		{E5A792DA-53CF-48C1-8566-1CA600AD429F}.Release|x64.Build.0 = Release|x64
		{E5A792DA-53CF-48C1-8566-1CA600AD429F}.Release|x86.ActiveCfg = Release|Win32
		{E5A792DA-53CF-48C1-8566-1CA600AD429F}.Release|x86.Build.0 = Release|Win32
		{653D213C-2213-42A3-9AD0-CF82FCA3673B}.Debug|x64.ActiveCfg = Debug|x64
		{653D213C-2213-42A3-9AD0-CF82FCA3673B}.Debug|x64.Build.0 = Debug|x64
		{653D213C-2213-42A3-9AD0-CF82FCA3673B}.Debug|x86.ActiveCfg = Debug|Win32
		{653D213C-2213-42A3-9AD0-CF82FCA3673B}.Debug|x86.Build.0 = Debug|Win32
		{653D213C-2213-42A3-9AD0-CF82FCA3673B}.Release|x64.ActiveCfg = Release|x64
		{653D213C-2213-42A3-9AD0-CF82FCA3673B}.Release|x64.Build.0 = Release|x64
		{653D213C-2213-42A3-9AD0-CF82FCA3673B}.Release|x86.ActiveCfg = Release|Win32
		{653D213C-2213-42A3-9AD0-CF82FCA3673B}.Release|x86.Build.0 = Release|Win32
		{4B12A3D6-2E0B-488A-9628-DAAD971EFF9A}.Debug|x64.ActiveCfg = Debug|x64
		{4B12A3D6-2E0B-488A-9628-DAAD971EFF9A}.Debug|x64.Build.0 = Debug|x64
		{4B12A3D6-2E0B-488A-9628-DAAD971EFF9A}.Debug|x86.ActiveCfg = Debug|Win32
		{4B12A3D6-2E0B-488A-9628-DAAD971EFF9A}.Debug|x86.Build.0 = Debug|Win32
		{4B12A3D6-2E0B-488A-9628-DAAD971EFF9A}.Release|x64.ActiveCfg = Release|x64
		{4B12A3D6-2E0B-488A-9628-DAAD971EFF9A}.Release|x64.Build.0 = Release|x64
		{4B12A3D6-2E0B-488A-9628-DAAD971EFF9A}.Release|x86.ActiveCfg = Release|Win32
		{4B12A3D6-2E0B-488A-9628-DAAD971EFF9A}.Release|x86.Build.0 = Release|Win32
		{0EBCDA70-AC1D-4C95-BFBE-64153507BB09}.Debug|x64.ActiveCfg = Debug|x64
		{0EBCDA70-AC1D-4C95-BFBE-64153507BB09}.Debug|x64.Build.0 = Debug|x64
		{0EBCDA70-AC1D-4C95-BFBE-64153507BB09}.Debug|x86.ActiveCfg = Debug|Win32
		{0EBCDA70-AC1D-4C95-BFBE-64153507BB09}.Debug|x86.Build.0 = Debug|Win32
		{0EBCDA70-AC1D-4C95-BFBE-64153507BB09}.Release|x64.ActiveCfg = Release|x64
		{0EBCDA70-AC1D-4C95-BFBE-64153507BB09}.Release|x64.Build.0 = Release|x64
		{0EBCDA70-AC1D-4C95-BFBE-64153507BB09}.Release|x86.ActiveCfg = Release|Win32
		{0EBCDA70-AC1D-4C95-BFBE-64153507BB09}.Release|x86.Build.0 = Release|Win32
		{77B58118-6882-4820-A7D6-FB0575ADF621}.Debug|x64.ActiveCfg = Debug|x64
		{77B58118-6882-4820-A7D6-FB0575ADF621}.Debug|x64.Build.0 = Debug|x64
		{77B58118-6882-4820-A7D6-FB0575ADF621}.Debug|x86.ActiveCfg = Debug|Win32
		{77B58118-6882-4820-A7D6-FB0575ADF621}.Debug|x86.Build.0 = Debug|Win32
		{77B58118-6882-4820-A7D6-FB0575ADF621}.Release|x64.ActiveCfg = Release|x64
		{77B58118-6882-4820-A7D6-FB0575ADF621}.Release|x64.Build.0 = Release|x64
		{77B58118-6882-4820-A7D6-FB0575ADF621}.Release|x86.ActiveCfg = Release|Win32
		{77B58118-6882-4820-A7D6-FB0575ADF621}.Release|x86.Build.0 = Release|Win32
		{DB131E63-FC42-48D6-BC72-46FD6803BC5D}.Debug|x64.ActiveCfg = Debug|x64
		{DB131E63-FC42-48D6-BC72-46FD6803BC5D}.Debug|x64.Build.0 = Debug|x64
		{DB131E63-FC42-48D6-BC72-46FD6803BC5D}.Debug|x86.ActiveCfg = Debug|Win32
		{DB131E63-FC42-48D6-BC72-46FD6803BC5D}.Debug|x86.Build.0 = Debug|Win32
		{DB131E63-FC42-48D6-BC72-46FD6803BC5D}.Release|x64.ActiveCfg = Release|x64
		{DB131E63-FC42-48D6-BC72-46FD6803BC5D}.Release|x64.Build.0 = Release|x64
		{DB131E63-FC42-48D6-BC72-46FD6803BC5D}.Release|x86.ActiveCfg = Release|Win32
		{DB131E63-FC42-48D6-BC72-46FD6803BC5D}.Release|x86.Build.0 = Release|Win32
		{C5C3B86A-B809-4A2B-BE4B-DEF530C1950F}.Debug|x64.ActiveCfg = Debug|x64
		{C5C3B86A-B809-4A2B-BE4B-DEF530C1950F}.Debug|x64.Build.0 = Debug|x64
		{C5C3B86A-B809-4A2B-BE4B-DEF530C1950F}.Debug|x86.ActiveCfg = Debug|Win32
		{C5C3B86A-B809-4A2B-BE4B-DEF530C1950F}.Debug|x86.Build.0 = Debug|Win32
		{C5C3B86A-B809-4A2B-BE4B-DEF530C1950F}.Release|x64.ActiveCfg = Release|x64
		{C5C3B86A-B809-4A2B-BE4B-DEF530C1950F}.Release|x64.Build.0 = Release|x64
		{C5C3B86A-B809-4A2B-BE4B-DEF530C1950F}.Release|x86.ActiveCfg = Release|Win32
		{C5C3B86A-B809-4A2B-BE4B-DEF530C1950F}.Release|x86.Build.0 = Release|Win32
		{929D09F9-80E8-4597-BCD9-FED0CB571400}.Debug|x64.ActiveCfg = Debug|x64
		{929D09F9-80E8-4597-BCD9-FED0CB571400}.Debug|x64.Build.0 = Debug|x64
		{929D09F9-80E8-4597-BCD9-FED0CB571400}.Debug|x86.ActiveCfg = Debug|Win32
		{929D09F9-80E8-4597-BCD9-FED0CB571400}.Debug|x86.Build.0 = Debug|Win32
		{929D09F9-80E8-4597-BCD9-FED0CB571400}.Release|x64.ActiveCfg = Release|x64
		{929D09F9-80E8-4597-BCD9-FED0CB571400}.Release|x64.Build.0 = Release|x64
		{929D09F9-80E8-4597-BCD9-FED0CB571400}.Release|x86.ActiveCfg = Release|Win32
		{929D09F9-80E8-4597-BCD9-FED0CB571400}.Release|x86.Build.0 = Release|Win32
		{86AA8180-F431-41A4-AB01-13F3C33C739D}.Debug|x64.ActiveCfg = Debug|x64
		{86AA8180-F431-41A4-AB01-13F3C33C739D}.Debug|x64.Build.0 = Debug|x64
		{86AA8180-F431-41A4-AB01-13F3C33C739D}.Debug|x86.ActiveCfg = Debug|Win32
		{86AA8180-F431-41A4-AB01-13F3C33C739D}.Debug|x86.Build.0 = Debug|Win32
		{86AA8180-F431-41A4-AB01-13F3C33C739D}.Release|x64.ActiveCfg = Release|x64
		{86AA8180-F431-41A4-AB01-13F3C33C739D}.Release|x64.Build.0 = Release|x64
		{86AA8180-F431-41A4-AB01-13F3C33C739D}.Release|x86.ActiveCfg = Release|Win32
		{86AA8180-F431-41A4-AB01-13F3C33C739D}.Release|x86.Build.0 = Release|Win32
		{EC12F5BE-BEC3-488A-9291-E866F9344399}.Debug|x64.ActiveCfg = Debug|x64
		{EC12F5BE-BEC3-488A-9291-E866F9344399}.Debug|x64.Build.0 = Debug|x64
		{EC12F5BE-BEC3-488A-9291-E866F9344399}.Debug|x86.ActiveCfg = Debug|Win32
		{EC12F5BE-BEC3-488A-9291-E866F9344399}.Debug|x86.Build.0 = Debug|Win32
		{EC12F5BE-BEC3-488A-9291-E866F9344399}.Release|x64.ActiveCfg = Release|x64
		{EC12F5BE-BEC3-488A-9291-E866F9344399}.Release|x64.Build.0 = Release|x64
		{EC12F5BE-BEC3-488A-9291-E866F9344399}.Release|x86.ActiveCfg = Release|Win32
		{EC12F5BE-BEC3-488A-9291-E866F9344399}.Release|x86.Build.0 = Release|Win32
		{69589588-0B7E-4EB0-B377-A85CCDB1EA15}.Debug|x64.ActiveCfg = Debug|x64
		{69589588-0B7E-4EB0-B377-A85CCDB1EA15}.Debug|x64.Build.0 = Debug|x64
		{69589588-0B7E-4EB0-B377-A85CCDB1EA15}.Debug|x86.ActiveCfg = Debug|Win32
		{69589588-0B7E-4EB0-B377-A85CCDB1EA15}.Debug|x86.Build.0 = Debug|Win32
		{69589588-0B7E-4EB0-B377-A85CCDB1EA15}.Release|x64.ActiveCfg = Release|x64
		{69589588-0B7E-4EB0-B377-A85CCDB1EA15}.Release|x64.Build.0 = Release|x64
		{69589588-0B7E-4EB0-B377-A85CCDB1EA15}.Release|x86.ActiveCfg = Release|Win32
		{69589588-0B7E-4EB0-B377-A85CCDB1EA15}.Release|x86.Build.0 = Release|Win32
		{6D393E1F-61BC-4FBB-B735-DBB786D64942}.Debug|x64.ActiveCfg = Debug|x64
		{6D393E1F-61BC-4FBB-B735-DBB786D64942}.Debug|x64.Build.0 = Debug|x64
		{6D393E1F-61BC-4FBB-B735-DBB786D64942}.Debug|x86.ActiveCfg = Debug|Win32
		{6D393E1F-61BC-4FBB-B735-DBB786D64942}.Debug|x86.Build.0 = Debug|Win32
		{6D393E1F-61BC-4FBB-B735-DBB786D64942}.Release|x64.ActiveCfg = Release|x64
		{6D393E1F-61BC-4FBB-B735-DBB786D64942}.Release|x64.Build.0 = Release|x64
		{6D393E1F-61BC-4FBB-B735-DBB786D64942}.Release|x86.ActiveCfg = Release|Win32
		{6D393E1F-61BC-4FBB-B735-DBB786D64942}.Release|x86.Build.0 = Release|Win32
		{BF40EC9F-C938-47E8-9FE1-8B3B34D49587}.Debug|x64.ActiveCfg = Debug|x64
		{BF40EC9F-C938-47E8-9FE1-8B3B34D49587}.Debug|x64.Build.0 = Debug|x64
		{BF40EC9F-C938-47E8-9FE1-8B3B34D49587}.Debug|x86.ActiveCfg = Debug|Win32
		{BF40EC9F-C938-47E8-9FE1-8B3B34D49587}.Debug|x86.Build.0 = Debug|Win32
		{BF40EC9F-C938-47E8-9FE1-8B3B34D49587}.Release|x64.ActiveCfg = Release|x64
		{BF40EC9F-C938-47E8-9FE1-8B3B34D49587}.Release|x64.Build.0 = Release|x64
		{BF40EC9F-C938-47E8-9FE1-8B3B34D49587}.Release|x86.ActiveCfg = Release|Win32
		{BF40EC9F-C938-47E8-9FE1-8B3B34D49587}.Release|x86.Build.0 = Release|Win32
		{B32A3602-205B-4E21-8A0B-0E95755FE1E9}.Debug|x64.ActiveCfg = Debug|x64
		{B32A3602-205B-4E21-8A0B-0E95755FE1E9}.Debug|x64.Build.0 = Debug|x64
		{B32A3602-205B-4E21-8A0B-0E95755FE1E9}.Debug|x86.ActiveCfg = Debug|Win32
		{B32A3602-205B-4E21-8A0B-0E95755FE1E9}.Debug|x86.Build.0 = Debug|Win32
		{B32A3602-205B-4E21-8A0B-0E95755FE1E9}.Release|x64.ActiveCfg = Release|x64
		{B32A3602-205B-4E21-8A0B-0E95755FE1E9}.Release|x64.Build.0 = Release|x64
		{B32A3602-205B-4E21-8A0B-0E95755FE1E9}.Release|x86.ActiveCfg = Release|Win32
		{B32A3602-205B-4E21-8A0B-0E95755FE1E9}.Release|x86.Build.0 = Release|Win32
		{FD953AE1-7FE5-4C22-BF2E-3BD5C1A4421A}.Debug|x64.ActiveCfg = Debug|x64
		{FD953AE1-7FE5-4C22-BF2E-3BD5C1A4421A}.Debug|x64.Build.0 = Debug|x64
		{FD953AE1-7FE5-4C22-BF2E-3BD5C1A4421A}.Debug|x86.ActiveCfg = Debug|Win32
		{FD953AE1-7FE5-4C22-BF2E-3BD5C1A4421A}.Debug|x86.Build.0 = Debug|Win32
		{FD953AE1-7FE5-4C22-BF2E-3BD5C1A4421A}.Release|x64.ActiveCfg = Release|x64
		{FD953AE1-7FE5-4C22-BF2E-3BD5C1A4421A}.Release|x64.Build.0 = Release|x64
		{FD953AE1-7FE5-4C22-BF2E-3BD5C1A4421A}.Release|x86.ActiveCfg = Release|Win32
		{FD953AE1-7FE5-4C22-BF2E-3BD5C1A4421A}.Release|x86.Build.0 = Release|Win32
		{5206E510-7EBC-4CDC-B28A-B5AFE3825005}.Debug|x64.ActiveCfg = Debug|x64
		{5206E510-7EBC-4CDC-B28A-B5AFE3825005}.Debug|x64.Build.0 = Debug|x64
		{5206E510-7EBC-4CDC-B28A-B5AFE3825005}.Debug|x86.ActiveCfg = Debug|Win32
		{5206E510-7EBC-4CDC-B28A-B5AFE3825005}.Debug|x86.Build.0 = Debug|Win32
		{5206E510-7EBC-4CDC-B28A-B5AFE3825005}.Release|x64.ActiveCfg = Release|x64
		{5206E510-7EBC-4CDC-B28A-B5AFE3825005}.Release|x64.Build.0 = Release|x64
		{5206E510-7EBC-4CDC-B28A-B5AFE3825005}.Release|x86.ActiveCfg = Release|Win32
		{5206E510-7EBC-4CDC-B28A-B5AFE3825005}.Release|x86.Build.0 = Release|Win32
		{BBE16265-F0BB-4970-835D-A437AC527487}.Debug|x64.ActiveCfg = Debug|x64
		{BBE16265-F0BB-4970-835D-A437AC527487}.Debug|x64.Build.0 = Debug|x64
		{BBE16265-F0BB-4970-835D-A437AC527487}.Debug|x86.ActiveCfg = Debug|Win32
		{BBE16265-F0BB-4970-835D-A437AC527487}.Debug|x86.Build.0 = Debug|Win32
		{BBE16265-F0BB-4970-835D-A437AC527487}.Release|x64.ActiveCfg = Release|x64
		{BBE16265-F0BB-4970-835D-A437AC527487}.Release|x64.Build.0 = Release|x64
		{BBE16265-F0BB-4970-835D-A437AC527487}.Release|x86.ActiveCfg = Release|Win32
		{BBE16265-F0BB-4970-835D-A437AC527487}.Release|x86.Build.0 = Release|Win32
		{89850871-F311-4D5E-B095-361DDB468F33}.Debug|x64.ActiveCfg = Debug|x64
		{89850871-F311-4D5E-B095-361DDB468F33}.Debug|x64.Build.0 = Debug|x64
		{89850871-F311-4D5E-B095-361DDB468F33}.Debug|x86.ActiveCfg = Debug|Win32
		{89850871-F311-4D5E-B095-361DDB468F33}.Debug|x86.Build.0 = Debug|Win32
		{89850871-F311-4D5E-B095-361DDB468F33}.Release|x64.ActiveCfg = Release|x64
		{89850871-F311-4D5E-B095-361DDB468F33}.Release|x64.Build.0 = Release|x64
		{89850871-F311-4D5E-B095-361DDB468F33}.Release|x86.ActiveCfg = Release|Win32
		{89850871-F311-4D5E-B095-361DDB468F33}.Release|x86.Build.0 = Release|Win32
		{66294776-E6CE-4B7C-9C59-FE50B50FA64B}.Debug|x64.ActiveCfg = Debug|x64
		{66294776-E6CE-4B7C-9C59-FE50B50FA64B}.Debug|x64.Build.0 = Debug|x64
		{66294776-E6CE-4B7C-9C59-FE50B50FA64B}.Debug|x86.ActiveCfg = Debug|Win32
		{66294776-E6CE-4B7C-9C59-FE50B50FA64B}.Debug|x86.Build.0 = Debug|Win32
		{66294776-E6CE-4B7C-9C59-FE50B50FA64B}.Release|x64.ActiveCfg = Release|x64
		{66294776-E6CE-4B7C-9C59-FE50B50FA64B}.Release|x64.Build.0 = Release|x64
		{66294776-E6CE-4B7C-9C59-FE50B50FA64B}.Release|x86.ActiveCfg = Release|Win32
		{66294776-E6CE-4B7C-9C59-FE50B50FA64B}.Release|x86.Build.0 = Release|Win32
		{CCC55DB7-363C-4071-AF4B-E09FA0D836A5}.Debug|x64.ActiveCfg = Debug|x64
		{CCC55DB7-363C-4071-AF4B-E09FA0D836A5}.Debug|x64.Build.0 = Debug|x64
		{CCC55DB7-363C-4071-AF4B-E09FA0D836A5}.Debug|x86.ActiveCfg = Debug|Win32
		{CCC55DB7-363C-4071-AF4B-E09FA0D836A5}.Debug|x86.Build.0 = Debug|Win32
		{CCC55DB7-363C-4071-AF4B-E09FA0D836A5}.Release|x64.ActiveCfg = Release|x64
		{CCC55DB7-363C-4071-AF4B-E09FA0D836A5}.Release|x64.Build.0 = Release|x64
		{CCC55DB7-363C-4071-AF4B-E09FA0D836A5}.Release|x86.ActiveCfg = Release|Win32
		{CCC55DB7-363C-4071-AF4B-E09FA0D836A5}.Release|x86.Build.0 = Release|Win32
	EndGlobalSection
	GlobalSection(SolutionProperties) = preSolution
		HideSolutionNode = FALSE
	EndGlobalSection
	GlobalSection(ExtensibilityGlobals) = postSolution
		SolutionGuid = {BBC4240E-7908-4902-9A67-78BDE7D3A01F}
	EndGlobalSection
EndGlobal
